
Microsoft Visual Studio Solution File, Format Version 12.00
# Visual Studio Version 16
VisualStudioVersion = 16.0.31005.135
MinimumVisualStudioVersion = 10.0.40219.1
Project("{FAE04EC0-301F-11D3-BF4B-00C04F79EFBC}") = "Komplex", "Komplex\Komplex.csproj", "{1A8291EB-E228-4E53-93CE-EF91504BA668}"
EndProject
Global
	GlobalSection(SolutionConfigurationPlatforms) = preSolution
		Debug|Any CPU = Debug|Any CPU
		Release|Any CPU = Release|Any CPU
	EndGlobalSection
	GlobalSection(ProjectConfigurationPlatforms) = postSolution
		{1A8291EB-E228-4E53-93CE-EF91504BA668}.Debug|Any CPU.ActiveCfg = Debug|Any CPU
		{1A8291EB-E228-4E53-93CE-EF91504BA668}.Debug|Any CPU.Build.0 = Debug|Any CPU
		{1A8291EB-E228-4E53-93CE-EF91504BA668}.Release|Any CPU.ActiveCfg = Release|Any CPU
		{1A8291EB-E228-4E53-93CE-EF91504BA668}.Release|Any CPU.Build.0 = Release|Any CPU
	EndGlobalSection
	GlobalSection(SolutionProperties) = preSolution
		HideSolutionNode = FALSE
	EndGlobalSection
	GlobalSection(ExtensibilityGlobals) = postSolution
		SolutionGuid = {9ECC9A89-2EB6-47E4-A8BF-DC35387F1EE2}
	EndGlobalSection
EndGlobal
